{
  "originHash" : "d91825c7cd89c57bea6ac41361ec3a3d9e8f17642ee9f952b7efa89bef89e826",
  "pins" : [
    {
      "identity" : "camera-kit-ios-sdk",
      "kind" : "remoteSourceControl",
      "location" : "https://github.com/Snapchat/camera-kit-ios-sdk",
      "state" : {
        "revision" : "cfb5076c981535a47e760079e96755954b7acf4b",
        "version" : "1.40.0"
      }
    },
    {
      "identity" : "snap-kit-spm",
      "kind" : "remoteSourceControl",
      "location" : "https://github.com/Snapchat/snap-kit-spm",
      "state" : {
        "revision" : "6c44e89e330e8b37ea3f7405d75c9a161d4f8281",
        "version" : "2.5.0"
      }
    }
  ],
  "version" : 3
}
